// !$*UTF8*$!
{
	archiveVersion = 1;
	classes = {
	};
	objectVersion = 55;
	objects = {

/* Begin PBXBuildFile section */
		6D255F7928659140009E065B /* Widget.intentdefinition in Sources */ = {isa = PBXBuildFile; fileRef = 6D255F7D28659140009E065B /* Widget.intentdefinition */; };
		6D255F7A28659140009E065B /* Widget.intentdefinition in Sources */ = {isa = PBXBuildFile; fileRef = 6D255F7D28659140009E065B /* Widget.intentdefinition */; };
		6D255F7B28659140009E065B /* Widget.intentdefinition in Sources */ = {isa = PBXBuildFile; fileRef = 6D255F7D28659140009E065B /* Widget.intentdefinition */; };
		6D2C22C7285719F500506A7C /* AnyMetricsApp.swift in Sources */ = {isa = PBXBuildFile; fileRef = 6D2C22C6285719F500506A7C /* AnyMetricsApp.swift */; };
		6D2C22C9285719F500506A7C /* MainView.swift in Sources */ = {isa = PBXBuildFile; fileRef = 6D2C22C8285719F500506A7C /* MainView.swift */; };
		6D2C22CB285719F500506A7C /* Assets.xcassets in Resources */ = {isa = PBXBuildFile; fileRef = 6D2C22CA285719F500506A7C /* Assets.xcassets */; };
		6D2C22CE285719F500506A7C /* Preview Assets.xcassets in Resources */ = {isa = PBXBuildFile; fileRef = 6D2C22CD285719F500506A7C /* Preview Assets.xcassets */; };
		6D2C22D8285719F500506A7C /* AnyMetricsTests.swift in Sources */ = {isa = PBXBuildFile; fileRef = 6D2C22D7285719F500506A7C /* AnyMetricsTests.swift */; };
		6D2C22E2285719F500506A7C /* AnyMetricsUITests.swift in Sources */ = {isa = PBXBuildFile; fileRef = 6D2C22E1285719F500506A7C /* AnyMetricsUITests.swift */; };
		6D2C22E4285719F500506A7C /* AnyMetricsUITestsLaunchTests.swift in Sources */ = {isa = PBXBuildFile; fileRef = 6D2C22E3285719F500506A7C /* AnyMetricsUITestsLaunchTests.swift */; };
		6D2C22F228571A2800506A7C /* SwiftyJSON in Frameworks */ = {isa = PBXBuildFile; productRef = 6D2C22F128571A2800506A7C /* SwiftyJSON */; };
		6D2C22F628571A7B00506A7C /* Metric.swift in Sources */ = {isa = PBXBuildFile; fileRef = 6D2C22F528571A7B00506A7C /* Metric.swift */; };
		6D2C230328571F6B00506A7C /* Fetcher.swift in Sources */ = {isa = PBXBuildFile; fileRef = 6D2C230228571F6B00506A7C /* Fetcher.swift */; };
		6D2C2305285720B300506A7C /* Formatter.swift in Sources */ = {isa = PBXBuildFile; fileRef = 6D2C2304285720B300506A7C /* Formatter.swift */; };
		6D2C2308285720E800506A7C /* JSON+Ex.swift in Sources */ = {isa = PBXBuildFile; fileRef = 6D2C2307285720E800506A7C /* JSON+Ex.swift */; };
		6D2C230A2857213000506A7C /* Data+Ex.swift in Sources */ = {isa = PBXBuildFile; fileRef = 6D2C23092857213000506A7C /* Data+Ex.swift */; };
		6D2C230C2857217900506A7C /* String+Ex.swift in Sources */ = {isa = PBXBuildFile; fileRef = 6D2C230B2857217900506A7C /* String+Ex.swift */; };
		6D2C230E285721A300506A7C /* Array+Ex.swift in Sources */ = {isa = PBXBuildFile; fileRef = 6D2C230D285721A300506A7C /* Array+Ex.swift */; };
		6D2C2310285722DC00506A7C /* R+Ex.swift in Sources */ = {isa = PBXBuildFile; fileRef = 6D2C230F285722DC00506A7C /* R+Ex.swift */; };
		6D2C2318285724C600506A7C /* Localizable.strings in Resources */ = {isa = PBXBuildFile; fileRef = 6D2C231A285724C600506A7C /* Localizable.strings */; };
		6D2C231E2857253700506A7C /* MainViewModel.swift in Sources */ = {isa = PBXBuildFile; fileRef = 6D2C231D2857253700506A7C /* MainViewModel.swift */; };
		6D2C23202857257200506A7C /* AppConfig.swift in Sources */ = {isa = PBXBuildFile; fileRef = 6D2C231F2857257200506A7C /* AppConfig.swift */; };
		6D2C2322285725FB00506A7C /* Metric+Codable.swift in Sources */ = {isa = PBXBuildFile; fileRef = 6D2C2321285725FB00506A7C /* Metric+Codable.swift */; };
		6D2C2324285726D200506A7C /* R.generated.swift in Sources */ = {isa = PBXBuildFile; fileRef = 6D2C2323285726D200506A7C /* R.generated.swift */; };
		6D2C2326285727AC00506A7C /* MetricView.swift in Sources */ = {isa = PBXBuildFile; fileRef = 6D2C2325285727AC00506A7C /* MetricView.swift */; };
		6D2C2328285734DE00506A7C /* Mocks.swift in Sources */ = {isa = PBXBuildFile; fileRef = 6D2C2327285734DE00506A7C /* Mocks.swift */; };
		6D36AA23286559310012E366 /* GoogleService-Info.plist in Resources */ = {isa = PBXBuildFile; fileRef = 6D36AA22286559310012E366 /* GoogleService-Info.plist */; };
		6D36AA2628655A0B0012E366 /* FirebaseAnalyticsWithoutAdIdSupport in Frameworks */ = {isa = PBXBuildFile; productRef = 6D36AA2528655A0B0012E366 /* FirebaseAnalyticsWithoutAdIdSupport */; };
		6D545CC3285F84410013D4F6 /* WidgetKit.framework in Frameworks */ = {isa = PBXBuildFile; fileRef = 6DE65E1E285DCEE900F3EF05 /* WidgetKit.framework */; };
		6D545CC4285F84410013D4F6 /* SwiftUI.framework in Frameworks */ = {isa = PBXBuildFile; fileRef = 6DE65E20285DCEE900F3EF05 /* SwiftUI.framework */; };
		6D545CC7285F84410013D4F6 /* Widget.swift in Sources */ = {isa = PBXBuildFile; fileRef = 6D545CC6285F84410013D4F6 /* Widget.swift */; };
		6D545CCA285F84420013D4F6 /* Assets.xcassets in Resources */ = {isa = PBXBuildFile; fileRef = 6D545CC9285F84420013D4F6 /* Assets.xcassets */; };
		6D545CD0285F84420013D4F6 /* WidgetExtension.appex in Embed App Extensions */ = {isa = PBXBuildFile; fileRef = 6D545CC2285F84410013D4F6 /* WidgetExtension.appex */; settings = {ATTRIBUTES = (RemoveHeadersOnCopy, ); }; };
		6D5C0ADF2857446F006B8A3C /* Rswift in Frameworks */ = {isa = PBXBuildFile; productRef = 6D5C0ADE2857446F006B8A3C /* Rswift */; };
		6D5C0AE1285744F8006B8A3C /* Font+Ex.swift in Sources */ = {isa = PBXBuildFile; fileRef = 6D5C0AE0285744F8006B8A3C /* Font+Ex.swift */; };
		6D5C0AE42857BF2E006B8A3C /* GalleryView.swift in Sources */ = {isa = PBXBuildFile; fileRef = 6D5C0AE32857BF2D006B8A3C /* GalleryView.swift */; };
		6D5C0AE82857C004006B8A3C /* GalleryService.swift in Sources */ = {isa = PBXBuildFile; fileRef = 6D5C0AE72857C004006B8A3C /* GalleryService.swift */; };
		6D5C0AF22858E301006B8A3C /* NewMetricView.swift in Sources */ = {isa = PBXBuildFile; fileRef = 6D5C0AF12858E301006B8A3C /* NewMetricView.swift */; };
		6D5C0AF42858E400006B8A3C /* HttpHeaders.swift in Sources */ = {isa = PBXBuildFile; fileRef = 6D5C0AF32858E400006B8A3C /* HttpHeaders.swift */; };
		6D5C0AF62858FC95006B8A3C /* SearchPickerView.swift in Sources */ = {isa = PBXBuildFile; fileRef = 6D5C0AF52858FC95006B8A3C /* SearchPickerView.swift */; };
		6D5C0AF8285900E2006B8A3C /* AddHeaderView.swift in Sources */ = {isa = PBXBuildFile; fileRef = 6D5C0AF7285900E2006B8A3C /* AddHeaderView.swift */; };
		6D5C0AFA28591175006B8A3C /* NewMetricViewModel.swift in Sources */ = {isa = PBXBuildFile; fileRef = 6D5C0AF928591175006B8A3C /* NewMetricViewModel.swift */; };
		6D5C0AFC2859129A006B8A3C /* ImportMetric+Codable.swift in Sources */ = {isa = PBXBuildFile; fileRef = 6D5C0AFB2859129A006B8A3C /* ImportMetric+Codable.swift */; };
		6D5C0AFE285912C7006B8A3C /* ImportMetric.swift in Sources */ = {isa = PBXBuildFile; fileRef = 6D5C0AFD285912C7006B8A3C /* ImportMetric.swift */; };
		6D5C0B002859136D006B8A3C /* ImportMetricParser.swift in Sources */ = {isa = PBXBuildFile; fileRef = 6D5C0AFF2859136D006B8A3C /* ImportMetricParser.swift */; };
		6D6FCC89285F8A8500E8387D /* Intents.framework in Frameworks */ = {isa = PBXBuildFile; fileRef = 6DE65E37285DCFF600F3EF05 /* Intents.framework */; };
		6D6FCC8C285F8A8500E8387D /* IntentHandler.swift in Sources */ = {isa = PBXBuildFile; fileRef = 6D6FCC8B285F8A8500E8387D /* IntentHandler.swift */; };
		6D6FCC90285F8A8500E8387D /* Intent.appex in Embed App Extensions */ = {isa = PBXBuildFile; fileRef = 6D6FCC88285F8A8500E8387D /* Intent.appex */; settings = {ATTRIBUTES = (RemoveHeadersOnCopy, ); }; };
		6D6FCC95285F8AA900E8387D /* SwiftyJSON in Frameworks */ = {isa = PBXBuildFile; productRef = 6D6FCC94285F8AA900E8387D /* SwiftyJSON */; };
		6D6FCC97285F8AA900E8387D /* Rswift in Frameworks */ = {isa = PBXBuildFile; productRef = 6D6FCC96285F8AA900E8387D /* Rswift */; };
		6D6FCC99285F8F1E00E8387D /* IntentHandler.swift in Sources */ = {isa = PBXBuildFile; fileRef = 6D6FCC8B285F8A8500E8387D /* IntentHandler.swift */; };
		6D6FCC9C285F90B400E8387D /* Metric.swift in Sources */ = {isa = PBXBuildFile; fileRef = 6D2C22F528571A7B00506A7C /* Metric.swift */; };
		6D6FCC9D285F90C000E8387D /* MetricStore.swift in Sources */ = {isa = PBXBuildFile; fileRef = 6DE65E48285DD63500F3EF05 /* MetricStore.swift */; };
		6D6FCC9E285F90C100E8387D /* MetricStore.swift in Sources */ = {isa = PBXBuildFile; fileRef = 6DE65E48285DD63500F3EF05 /* MetricStore.swift */; };
		6D6FCC9F285F90DC00E8387D /* Mocks.swift in Sources */ = {isa = PBXBuildFile; fileRef = 6D2C2327285734DE00506A7C /* Mocks.swift */; };
		6D6FCCA0285F90E500E8387D /* Fetcher.swift in Sources */ = {isa = PBXBuildFile; fileRef = 6D2C230228571F6B00506A7C /* Fetcher.swift */; };
		6D6FCCA1285F910300E8387D /* Metric.swift in Sources */ = {isa = PBXBuildFile; fileRef = 6D2C22F528571A7B00506A7C /* Metric.swift */; };
		6D6FCCA2285F910A00E8387D /* Metric+Codable.swift in Sources */ = {isa = PBXBuildFile; fileRef = 6D2C2321285725FB00506A7C /* Metric+Codable.swift */; };
		6D6FCCA3285FA4B100E8387D /* AppConfig.swift in Sources */ = {isa = PBXBuildFile; fileRef = 6D2C231F2857257200506A7C /* AppConfig.swift */; };
		6D6FCCA4285FA4B300E8387D /* AppConfig.swift in Sources */ = {isa = PBXBuildFile; fileRef = 6D2C231F2857257200506A7C /* AppConfig.swift */; };
		6D6FCCA5285FA4C300E8387D /* Metric+Codable.swift in Sources */ = {isa = PBXBuildFile; fileRef = 6D2C2321285725FB00506A7C /* Metric+Codable.swift */; };
		6D6FCCA6285FA4D000E8387D /* Formatter.swift in Sources */ = {isa = PBXBuildFile; fileRef = 6D2C2304285720B300506A7C /* Formatter.swift */; };
		6D6FCCA7285FA4D100E8387D /* Formatter.swift in Sources */ = {isa = PBXBuildFile; fileRef = 6D2C2304285720B300506A7C /* Formatter.swift */; };
		6D6FCCA9285FA54F00E8387D /* JSON+Ex.swift in Sources */ = {isa = PBXBuildFile; fileRef = 6D2C2307285720E800506A7C /* JSON+Ex.swift */; };
		6D6FCCAA285FA96700E8387D /* MetricContentView.swift in Sources */ = {isa = PBXBuildFile; fileRef = 6DE65E56285DDB9100F3EF05 /* MetricContentView.swift */; };
		6D6FCCAD285FA9AF00E8387D /* ImpactHelper.swift in Sources */ = {isa = PBXBuildFile; fileRef = 6D6FCCAC285FA9AF00E8387D /* ImpactHelper.swift */; };
		6D6FCCAE285FAABD00E8387D /* R.generated.swift in Sources */ = {isa = PBXBuildFile; fileRef = 6D2C2323285726D200506A7C /* R.generated.swift */; };
		6D6FCCAF285FAACB00E8387D /* R+Ex.swift in Sources */ = {isa = PBXBuildFile; fileRef = 6D2C230F285722DC00506A7C /* R+Ex.swift */; };
		6D6FCCB32860041A00E8387D /* Assets.xcassets in Resources */ = {isa = PBXBuildFile; fileRef = 6D2C22CA285719F500506A7C /* Assets.xcassets */; };
		6D6FCCB52860068300E8387D /* Bundle+Widget.swift in Sources */ = {isa = PBXBuildFile; fileRef = 6D6FCCB42860068300E8387D /* Bundle+Widget.swift */; };
		6D6FCCB6286006E100E8387D /* Bundle+Widget.swift in Sources */ = {isa = PBXBuildFile; fileRef = 6D6FCCB42860068300E8387D /* Bundle+Widget.swift */; };
		6D6FCCB92861A68100E8387D /* SwiftSoup in Frameworks */ = {isa = PBXBuildFile; productRef = 6D6FCCB82861A68100E8387D /* SwiftSoup */; };
		6D6FCCBB2861A72A00E8387D /* MetricValueParser.swift in Sources */ = {isa = PBXBuildFile; fileRef = 6D6FCCBA2861A72A00E8387D /* MetricValueParser.swift */; };
		6D6FCCBC2861B0A400E8387D /* MetricValueParser.swift in Sources */ = {isa = PBXBuildFile; fileRef = 6D6FCCBA2861A72A00E8387D /* MetricValueParser.swift */; };
		6D6FCCBE2861B0B500E8387D /* SwiftSoup in Frameworks */ = {isa = PBXBuildFile; productRef = 6D6FCCBD2861B0B500E8387D /* SwiftSoup */; };
		6D6FCCC02861BD0300E8387D /* Document+Ex.swift in Sources */ = {isa = PBXBuildFile; fileRef = 6D6FCCBF2861BD0300E8387D /* Document+Ex.swift */; };
		6D6FCCC12861C0AC00E8387D /* Document+Ex.swift in Sources */ = {isa = PBXBuildFile; fileRef = 6D6FCCBF2861BD0300E8387D /* Document+Ex.swift */; };
		6DACA39F28624AAE003FD011 /* GalleryViewModel.swift in Sources */ = {isa = PBXBuildFile; fileRef = 6DACA39E28624AAE003FD011 /* GalleryViewModel.swift */; };
		6DDB0768285C623400F09619 /* View+Dismiss.swift in Sources */ = {isa = PBXBuildFile; fileRef = 6DDB0767285C623400F09619 /* View+Dismiss.swift */; };
		6DE65E49285DD63500F3EF05 /* MetricStore.swift in Sources */ = {isa = PBXBuildFile; fileRef = 6DE65E48285DD63500F3EF05 /* MetricStore.swift */; };
		6DE65E57285DDB9100F3EF05 /* MetricContentView.swift in Sources */ = {isa = PBXBuildFile; fileRef = 6DE65E56285DDB9100F3EF05 /* MetricContentView.swift */; };
/* End PBXBuildFile section */

/* Begin PBXContainerItemProxy section */
		6D2C22D4285719F500506A7C /* PBXContainerItemProxy */ = {
			isa = PBXContainerItemProxy;
			containerPortal = 6D2C22BB285719F400506A7C /* Project object */;
			proxyType = 1;
			remoteGlobalIDString = 6D2C22C2285719F400506A7C;
			remoteInfo = AnyMetrics;
		};
		6D2C22DE285719F500506A7C /* PBXContainerItemProxy */ = {
			isa = PBXContainerItemProxy;
			containerPortal = 6D2C22BB285719F400506A7C /* Project object */;
			proxyType = 1;
			remoteGlobalIDString = 6D2C22C2285719F400506A7C;
			remoteInfo = AnyMetrics;
		};
		6D545CCE285F84420013D4F6 /* PBXContainerItemProxy */ = {
			isa = PBXContainerItemProxy;
			containerPortal = 6D2C22BB285719F400506A7C /* Project object */;
			proxyType = 1;
			remoteGlobalIDString = 6D545CC1285F84410013D4F6;
			remoteInfo = WidgetExtension;
		};
		6D6FCC8E285F8A8500E8387D /* PBXContainerItemProxy */ = {
			isa = PBXContainerItemProxy;
			containerPortal = 6D2C22BB285719F400506A7C /* Project object */;
			proxyType = 1;
			remoteGlobalIDString = 6D6FCC87285F8A8500E8387D;
			remoteInfo = Intent;
		};
/* End PBXContainerItemProxy section */

/* Begin PBXCopyFilesBuildPhase section */
		6DE65E2E285DCEEA00F3EF05 /* Embed App Extensions */ = {
			isa = PBXCopyFilesBuildPhase;
			buildActionMask = 12;
			dstPath = "";
			dstSubfolderSpec = 13;
			files = (
				6D6FCC90285F8A8500E8387D /* Intent.appex in Embed App Extensions */,
				6D545CD0285F84420013D4F6 /* WidgetExtension.appex in Embed App Extensions */,
			);
			name = "Embed App Extensions";
			runOnlyForDeploymentPostprocessing = 0;
		};
/* End PBXCopyFilesBuildPhase section */

/* Begin PBXFileReference section */
		6D255F7C28659140009E065B /* Base */ = {isa = PBXFileReference; lastKnownFileType = file.intentdefinition; name = Base; path = Base.lproj/Widget.intentdefinition; sourceTree = "<group>"; };
		6D255F7F28659143009E065B /* en */ = {isa = PBXFileReference; lastKnownFileType = text.plist.strings; name = en; path = en.lproj/Widget.strings; sourceTree = "<group>"; };
		6D255F8128659143009E065B /* ru */ = {isa = PBXFileReference; lastKnownFileType = text.plist.strings; name = ru; path = ru.lproj/Widget.strings; sourceTree = "<group>"; };
		6D2C22C3285719F500506A7C /* AnyMetrics.app */ = {isa = PBXFileReference; explicitFileType = wrapper.application; includeInIndex = 0; path = AnyMetrics.app; sourceTree = BUILT_PRODUCTS_DIR; };
		6D2C22C6285719F500506A7C /* AnyMetricsApp.swift */ = {isa = PBXFileReference; lastKnownFileType = sourcecode.swift; path = AnyMetricsApp.swift; sourceTree = "<group>"; };
		6D2C22C8285719F500506A7C /* MainView.swift */ = {isa = PBXFileReference; lastKnownFileType = sourcecode.swift; path = MainView.swift; sourceTree = "<group>"; };
		6D2C22CA285719F500506A7C /* Assets.xcassets */ = {isa = PBXFileReference; lastKnownFileType = folder.assetcatalog; path = Assets.xcassets; sourceTree = "<group>"; };
		6D2C22CD285719F500506A7C /* Preview Assets.xcassets */ = {isa = PBXFileReference; lastKnownFileType = folder.assetcatalog; path = "Preview Assets.xcassets"; sourceTree = "<group>"; };
		6D2C22D3285719F500506A7C /* AnyMetricsTests.xctest */ = {isa = PBXFileReference; explicitFileType = wrapper.cfbundle; includeInIndex = 0; path = AnyMetricsTests.xctest; sourceTree = BUILT_PRODUCTS_DIR; };
		6D2C22D7285719F500506A7C /* AnyMetricsTests.swift */ = {isa = PBXFileReference; lastKnownFileType = sourcecode.swift; path = AnyMetricsTests.swift; sourceTree = "<group>"; };
		6D2C22DD285719F500506A7C /* AnyMetricsUITests.xctest */ = {isa = PBXFileReference; explicitFileType = wrapper.cfbundle; includeInIndex = 0; path = AnyMetricsUITests.xctest; sourceTree = BUILT_PRODUCTS_DIR; };
		6D2C22E1285719F500506A7C /* AnyMetricsUITests.swift */ = {isa = PBXFileReference; lastKnownFileType = sourcecode.swift; path = AnyMetricsUITests.swift; sourceTree = "<group>"; };
		6D2C22E3285719F500506A7C /* AnyMetricsUITestsLaunchTests.swift */ = {isa = PBXFileReference; lastKnownFileType = sourcecode.swift; path = AnyMetricsUITestsLaunchTests.swift; sourceTree = "<group>"; };
		6D2C22F528571A7B00506A7C /* Metric.swift */ = {isa = PBXFileReference; lastKnownFileType = sourcecode.swift; path = Metric.swift; sourceTree = "<group>"; };
		6D2C230228571F6B00506A7C /* Fetcher.swift */ = {isa = PBXFileReference; lastKnownFileType = sourcecode.swift; path = Fetcher.swift; sourceTree = "<group>"; };
		6D2C2304285720B300506A7C /* Formatter.swift */ = {isa = PBXFileReference; lastKnownFileType = sourcecode.swift; path = Formatter.swift; sourceTree = "<group>"; };
		6D2C2307285720E800506A7C /* JSON+Ex.swift */ = {isa = PBXFileReference; lastKnownFileType = sourcecode.swift; path = "JSON+Ex.swift"; sourceTree = "<group>"; };
		6D2C23092857213000506A7C /* Data+Ex.swift */ = {isa = PBXFileReference; lastKnownFileType = sourcecode.swift; path = "Data+Ex.swift"; sourceTree = "<group>"; };
		6D2C230B2857217900506A7C /* String+Ex.swift */ = {isa = PBXFileReference; lastKnownFileType = sourcecode.swift; path = "String+Ex.swift"; sourceTree = "<group>"; };
		6D2C230D285721A300506A7C /* Array+Ex.swift */ = {isa = PBXFileReference; lastKnownFileType = sourcecode.swift; path = "Array+Ex.swift"; sourceTree = "<group>"; };
		6D2C230F285722DC00506A7C /* R+Ex.swift */ = {isa = PBXFileReference; lastKnownFileType = sourcecode.swift; path = "R+Ex.swift"; sourceTree = "<group>"; };
		6D2C2319285724C600506A7C /* en */ = {isa = PBXFileReference; lastKnownFileType = text.plist.strings; name = en; path = en.lproj/Localizable.strings; sourceTree = "<group>"; };
		6D2C231B285724C800506A7C /* ru */ = {isa = PBXFileReference; lastKnownFileType = text.plist.strings; name = ru; path = ru.lproj/Localizable.strings; sourceTree = "<group>"; };
		6D2C231D2857253700506A7C /* MainViewModel.swift */ = {isa = PBXFileReference; lastKnownFileType = sourcecode.swift; path = MainViewModel.swift; sourceTree = "<group>"; };
		6D2C231F2857257200506A7C /* AppConfig.swift */ = {isa = PBXFileReference; lastKnownFileType = sourcecode.swift; path = AppConfig.swift; sourceTree = "<group>"; };
		6D2C2321285725FB00506A7C /* Metric+Codable.swift */ = {isa = PBXFileReference; lastKnownFileType = sourcecode.swift; path = "Metric+Codable.swift"; sourceTree = "<group>"; };
		6D2C2323285726D200506A7C /* R.generated.swift */ = {isa = PBXFileReference; fileEncoding = 4; lastKnownFileType = sourcecode.swift; path = R.generated.swift; sourceTree = SOURCE_ROOT; };
		6D2C2325285727AC00506A7C /* MetricView.swift */ = {isa = PBXFileReference; lastKnownFileType = sourcecode.swift; path = MetricView.swift; sourceTree = "<group>"; };
		6D2C2327285734DE00506A7C /* Mocks.swift */ = {isa = PBXFileReference; lastKnownFileType = sourcecode.swift; path = Mocks.swift; sourceTree = "<group>"; };
		6D36AA22286559310012E366 /* GoogleService-Info.plist */ = {isa = PBXFileReference; fileEncoding = 4; lastKnownFileType = text.plist.xml; path = "GoogleService-Info.plist"; sourceTree = "<group>"; };
		6D545CC2285F84410013D4F6 /* WidgetExtension.appex */ = {isa = PBXFileReference; explicitFileType = "wrapper.app-extension"; includeInIndex = 0; path = WidgetExtension.appex; sourceTree = BUILT_PRODUCTS_DIR; };
		6D545CC6285F84410013D4F6 /* Widget.swift */ = {isa = PBXFileReference; lastKnownFileType = sourcecode.swift; path = Widget.swift; sourceTree = "<group>"; };
		6D545CC9285F84420013D4F6 /* Assets.xcassets */ = {isa = PBXFileReference; lastKnownFileType = folder.assetcatalog; path = Assets.xcassets; sourceTree = "<group>"; };
		6D545CCB285F84420013D4F6 /* Info.plist */ = {isa = PBXFileReference; lastKnownFileType = text.plist.xml; path = Info.plist; sourceTree = "<group>"; };
		6D5C0AE0285744F8006B8A3C /* Font+Ex.swift */ = {isa = PBXFileReference; lastKnownFileType = sourcecode.swift; path = "Font+Ex.swift"; sourceTree = "<group>"; };
		6D5C0AE32857BF2D006B8A3C /* GalleryView.swift */ = {isa = PBXFileReference; lastKnownFileType = sourcecode.swift; path = GalleryView.swift; sourceTree = "<group>"; };
		6D5C0AE72857C004006B8A3C /* GalleryService.swift */ = {isa = PBXFileReference; lastKnownFileType = sourcecode.swift; path = GalleryService.swift; sourceTree = "<group>"; };
		6D5C0AF12858E301006B8A3C /* NewMetricView.swift */ = {isa = PBXFileReference; lastKnownFileType = sourcecode.swift; path = NewMetricView.swift; sourceTree = "<group>"; };
		6D5C0AF32858E400006B8A3C /* HttpHeaders.swift */ = {isa = PBXFileReference; lastKnownFileType = sourcecode.swift; path = HttpHeaders.swift; sourceTree = "<group>"; };
		6D5C0AF52858FC95006B8A3C /* SearchPickerView.swift */ = {isa = PBXFileReference; lastKnownFileType = sourcecode.swift; path = SearchPickerView.swift; sourceTree = "<group>"; };
		6D5C0AF7285900E2006B8A3C /* AddHeaderView.swift */ = {isa = PBXFileReference; lastKnownFileType = sourcecode.swift; path = AddHeaderView.swift; sourceTree = "<group>"; };
		6D5C0AF928591175006B8A3C /* NewMetricViewModel.swift */ = {isa = PBXFileReference; lastKnownFileType = sourcecode.swift; path = NewMetricViewModel.swift; sourceTree = "<group>"; };
		6D5C0AFB2859129A006B8A3C /* ImportMetric+Codable.swift */ = {isa = PBXFileReference; lastKnownFileType = sourcecode.swift; path = "ImportMetric+Codable.swift"; sourceTree = "<group>"; };
		6D5C0AFD285912C7006B8A3C /* ImportMetric.swift */ = {isa = PBXFileReference; lastKnownFileType = sourcecode.swift; path = ImportMetric.swift; sourceTree = "<group>"; };
		6D5C0AFF2859136D006B8A3C /* ImportMetricParser.swift */ = {isa = PBXFileReference; lastKnownFileType = sourcecode.swift; path = ImportMetricParser.swift; sourceTree = "<group>"; };
		6D6FCC88285F8A8500E8387D /* Intent.appex */ = {isa = PBXFileReference; explicitFileType = "wrapper.app-extension"; includeInIndex = 0; path = Intent.appex; sourceTree = BUILT_PRODUCTS_DIR; };
		6D6FCC8B285F8A8500E8387D /* IntentHandler.swift */ = {isa = PBXFileReference; lastKnownFileType = sourcecode.swift; path = IntentHandler.swift; sourceTree = "<group>"; };
		6D6FCC8D285F8A8500E8387D /* Info.plist */ = {isa = PBXFileReference; lastKnownFileType = text.plist.xml; path = Info.plist; sourceTree = "<group>"; };
		6D6FCC98285F8AC600E8387D /* Intent.entitlements */ = {isa = PBXFileReference; lastKnownFileType = text.plist.entitlements; path = Intent.entitlements; sourceTree = "<group>"; };
		6D6FCCAC285FA9AF00E8387D /* ImpactHelper.swift */ = {isa = PBXFileReference; lastKnownFileType = sourcecode.swift; path = ImpactHelper.swift; sourceTree = "<group>"; };
		6D6FCCB42860068300E8387D /* Bundle+Widget.swift */ = {isa = PBXFileReference; lastKnownFileType = sourcecode.swift; path = "Bundle+Widget.swift"; sourceTree = "<group>"; };
		6D6FCCBA2861A72A00E8387D /* MetricValueParser.swift */ = {isa = PBXFileReference; lastKnownFileType = sourcecode.swift; path = MetricValueParser.swift; sourceTree = "<group>"; };
		6D6FCCBF2861BD0300E8387D /* Document+Ex.swift */ = {isa = PBXFileReference; lastKnownFileType = sourcecode.swift; path = "Document+Ex.swift"; sourceTree = "<group>"; };
		6DACA39E28624AAE003FD011 /* GalleryViewModel.swift */ = {isa = PBXFileReference; lastKnownFileType = sourcecode.swift; path = GalleryViewModel.swift; sourceTree = "<group>"; };
		6DDB0767285C623400F09619 /* View+Dismiss.swift */ = {isa = PBXFileReference; lastKnownFileType = sourcecode.swift; path = "View+Dismiss.swift"; sourceTree = "<group>"; };
		6DE65E1E285DCEE900F3EF05 /* WidgetKit.framework */ = {isa = PBXFileReference; lastKnownFileType = wrapper.framework; name = WidgetKit.framework; path = System/Library/Frameworks/WidgetKit.framework; sourceTree = SDKROOT; };
		6DE65E20285DCEE900F3EF05 /* SwiftUI.framework */ = {isa = PBXFileReference; lastKnownFileType = wrapper.framework; name = SwiftUI.framework; path = System/Library/Frameworks/SwiftUI.framework; sourceTree = SDKROOT; };
		6DE65E37285DCFF600F3EF05 /* Intents.framework */ = {isa = PBXFileReference; lastKnownFileType = wrapper.framework; name = Intents.framework; path = System/Library/Frameworks/Intents.framework; sourceTree = SDKROOT; };
		6DE65E44285DD05300F3EF05 /* WidgetExtension.entitlements */ = {isa = PBXFileReference; lastKnownFileType = text.plist.entitlements; path = WidgetExtension.entitlements; sourceTree = "<group>"; };
		6DE65E47285DD14100F3EF05 /* Info.plist */ = {isa = PBXFileReference; lastKnownFileType = text.plist; path = Info.plist; sourceTree = "<group>"; };
		6DE65E48285DD63500F3EF05 /* MetricStore.swift */ = {isa = PBXFileReference; lastKnownFileType = sourcecode.swift; path = MetricStore.swift; sourceTree = "<group>"; };
		6DE65E56285DDB9100F3EF05 /* MetricContentView.swift */ = {isa = PBXFileReference; lastKnownFileType = sourcecode.swift; path = MetricContentView.swift; sourceTree = "<group>"; };
		6DE65E6E285F1C0800F3EF05 /* AnyMetrics.entitlements */ = {isa = PBXFileReference; lastKnownFileType = text.plist.entitlements; path = AnyMetrics.entitlements; sourceTree = "<group>"; };
/* End PBXFileReference section */

/* Begin PBXFrameworksBuildPhase section */
		6D2C22C0285719F400506A7C /* Frameworks */ = {
			isa = PBXFrameworksBuildPhase;
			buildActionMask = 2147483647;
			files = (
				6D2C22F228571A2800506A7C /* SwiftyJSON in Frameworks */,
				6D5C0ADF2857446F006B8A3C /* Rswift in Frameworks */,
				6D6FCCB92861A68100E8387D /* SwiftSoup in Frameworks */,
				6D36AA2628655A0B0012E366 /* FirebaseAnalyticsWithoutAdIdSupport in Frameworks */,
			);
			runOnlyForDeploymentPostprocessing = 0;
		};
		6D2C22D0285719F500506A7C /* Frameworks */ = {
			isa = PBXFrameworksBuildPhase;
			buildActionMask = 2147483647;
			files = (
			);
			runOnlyForDeploymentPostprocessing = 0;
		};
		6D2C22DA285719F500506A7C /* Frameworks */ = {
			isa = PBXFrameworksBuildPhase;
			buildActionMask = 2147483647;
			files = (
			);
			runOnlyForDeploymentPostprocessing = 0;
		};
		6D545CBF285F84410013D4F6 /* Frameworks */ = {
			isa = PBXFrameworksBuildPhase;
			buildActionMask = 2147483647;
			files = (
				6D6FCC95285F8AA900E8387D /* SwiftyJSON in Frameworks */,
				6D6FCC97285F8AA900E8387D /* Rswift in Frameworks */,
				6D545CC4285F84410013D4F6 /* SwiftUI.framework in Frameworks */,
				6D545CC3285F84410013D4F6 /* WidgetKit.framework in Frameworks */,
				6D6FCCBE2861B0B500E8387D /* SwiftSoup in Frameworks */,
			);
			runOnlyForDeploymentPostprocessing = 0;
		};
		6D6FCC85285F8A8500E8387D /* Frameworks */ = {
			isa = PBXFrameworksBuildPhase;
			buildActionMask = 2147483647;
			files = (
				6D6FCC89285F8A8500E8387D /* Intents.framework in Frameworks */,
			);
			runOnlyForDeploymentPostprocessing = 0;
		};
/* End PBXFrameworksBuildPhase section */

/* Begin PBXGroup section */
		6D2C22BA285719F400506A7C = {
			isa = PBXGroup;
			children = (
				6DE65E44285DD05300F3EF05 /* WidgetExtension.entitlements */,
				6D2C22C5285719F500506A7C /* AnyMetrics */,
				6D2C22D6285719F500506A7C /* AnyMetricsTests */,
				6D2C22E0285719F500506A7C /* AnyMetricsUITests */,
				6D545CC5285F84410013D4F6 /* Widget */,
				6D6FCC8A285F8A8500E8387D /* Intent */,
				6DE65E1D285DCEE900F3EF05 /* Frameworks */,
				6D2C22C4285719F500506A7C /* Products */,
			);
			sourceTree = "<group>";
		};
		6D2C22C4285719F500506A7C /* Products */ = {
			isa = PBXGroup;
			children = (
				6D2C22C3285719F500506A7C /* AnyMetrics.app */,
				6D2C22D3285719F500506A7C /* AnyMetricsTests.xctest */,
				6D2C22DD285719F500506A7C /* AnyMetricsUITests.xctest */,
				6D545CC2285F84410013D4F6 /* WidgetExtension.appex */,
				6D6FCC88285F8A8500E8387D /* Intent.appex */,
			);
			name = Products;
			sourceTree = "<group>";
		};
		6D2C22C5285719F500506A7C /* AnyMetrics */ = {
			isa = PBXGroup;
			children = (
				6D6FCCAB285FA9A100E8387D /* Utils */,
				6DE65E6E285F1C0800F3EF05 /* AnyMetrics.entitlements */,
				6D36AA22286559310012E366 /* GoogleService-Info.plist */,
				6DE65E47285DD14100F3EF05 /* Info.plist */,
				6D2C2315285724A600506A7C /* Resources */,
				6D2C2306285720C500506A7C /* Extensions */,
				6D2C230128571F5200506A7C /* Service */,
				6D2C22F428571A6700506A7C /* Model */,
				6D2C22F328571A6000506A7C /* View */,
				6D2C22C6285719F500506A7C /* AnyMetricsApp.swift */,
				6D2C231F2857257200506A7C /* AppConfig.swift */,
				6D2C22CC285719F500506A7C /* Preview Content */,
			);
			path = AnyMetrics;
			sourceTree = "<group>";
		};
		6D2C22CC285719F500506A7C /* Preview Content */ = {
			isa = PBXGroup;
			children = (
				6D2C22CD285719F500506A7C /* Preview Assets.xcassets */,
			);
			path = "Preview Content";
			sourceTree = "<group>";
		};
		6D2C22D6285719F500506A7C /* AnyMetricsTests */ = {
			isa = PBXGroup;
			children = (
				6D2C22D7285719F500506A7C /* AnyMetricsTests.swift */,
			);
			path = AnyMetricsTests;
			sourceTree = "<group>";
		};
		6D2C22E0285719F500506A7C /* AnyMetricsUITests */ = {
			isa = PBXGroup;
			children = (
				6D2C22E1285719F500506A7C /* AnyMetricsUITests.swift */,
				6D2C22E3285719F500506A7C /* AnyMetricsUITestsLaunchTests.swift */,
			);
			path = AnyMetricsUITests;
			sourceTree = "<group>";
		};
		6D2C22F328571A6000506A7C /* View */ = {
			isa = PBXGroup;
			children = (
				6D5C0AF52858FC95006B8A3C /* SearchPickerView.swift */,
				6DDB0766285C579500F09619 /* NewMetric */,
				6D5C0AE22857BF15006B8A3C /* Gallery */,
				6D2C231C2857252700506A7C /* Main */,
			);
			path = View;
			sourceTree = "<group>";
		};
		6D2C22F428571A6700506A7C /* Model */ = {
			isa = PBXGroup;
			children = (
				6D2C22F528571A7B00506A7C /* Metric.swift */,
				6D2C2304285720B300506A7C /* Formatter.swift */,
				6D5C0AF32858E400006B8A3C /* HttpHeaders.swift */,
				6D5C0AFD285912C7006B8A3C /* ImportMetric.swift */,
				6DE65E48285DD63500F3EF05 /* MetricStore.swift */,
			);
			path = Model;
			sourceTree = "<group>";
		};
		6D2C230128571F5200506A7C /* Service */ = {
			isa = PBXGroup;
			children = (
				6D2C230228571F6B00506A7C /* Fetcher.swift */,
				6D2C2321285725FB00506A7C /* Metric+Codable.swift */,
				6D5C0AE72857C004006B8A3C /* GalleryService.swift */,
				6D5C0AFB2859129A006B8A3C /* ImportMetric+Codable.swift */,
				6D5C0AFF2859136D006B8A3C /* ImportMetricParser.swift */,
				6D6FCCBA2861A72A00E8387D /* MetricValueParser.swift */,
			);
			path = Service;
			sourceTree = "<group>";
		};
		6D2C2306285720C500506A7C /* Extensions */ = {
			isa = PBXGroup;
			children = (
				6D2C2307285720E800506A7C /* JSON+Ex.swift */,
				6D2C23092857213000506A7C /* Data+Ex.swift */,
				6D2C230B2857217900506A7C /* String+Ex.swift */,
				6D2C230D285721A300506A7C /* Array+Ex.swift */,
				6D2C230F285722DC00506A7C /* R+Ex.swift */,
				6D5C0AE0285744F8006B8A3C /* Font+Ex.swift */,
				6DDB0767285C623400F09619 /* View+Dismiss.swift */,
				6D6FCCB42860068300E8387D /* Bundle+Widget.swift */,
				6D6FCCBF2861BD0300E8387D /* Document+Ex.swift */,
			);
			path = Extensions;
			sourceTree = "<group>";
		};
		6D2C2315285724A600506A7C /* Resources */ = {
			isa = PBXGroup;
			children = (
				6D2C2323285726D200506A7C /* R.generated.swift */,
				6D2C22CA285719F500506A7C /* Assets.xcassets */,
				6D2C231A285724C600506A7C /* Localizable.strings */,
				6D2C2327285734DE00506A7C /* Mocks.swift */,
			);
			path = Resources;
			sourceTree = "<group>";
		};
		6D2C231C2857252700506A7C /* Main */ = {
			isa = PBXGroup;
			children = (
				6D2C22C8285719F500506A7C /* MainView.swift */,
				6D2C231D2857253700506A7C /* MainViewModel.swift */,
				6D2C2325285727AC00506A7C /* MetricView.swift */,
				6DE65E56285DDB9100F3EF05 /* MetricContentView.swift */,
			);
			path = Main;
			sourceTree = "<group>";
		};
		6D545CC5285F84410013D4F6 /* Widget */ = {
			isa = PBXGroup;
			children = (
				6D545CC6285F84410013D4F6 /* Widget.swift */,
				6D255F7D28659140009E065B /* Widget.intentdefinition */,
				6D545CC9285F84420013D4F6 /* Assets.xcassets */,
				6D545CCB285F84420013D4F6 /* Info.plist */,
			);
			path = Widget;
			sourceTree = "<group>";
		};
		6D5C0AE22857BF15006B8A3C /* Gallery */ = {
			isa = PBXGroup;
			children = (
				6D5C0AE32857BF2D006B8A3C /* GalleryView.swift */,
				6DACA39E28624AAE003FD011 /* GalleryViewModel.swift */,
			);
			path = Gallery;
			sourceTree = "<group>";
		};
		6D6FCC8A285F8A8500E8387D /* Intent */ = {
			isa = PBXGroup;
			children = (
				6D6FCC98285F8AC600E8387D /* Intent.entitlements */,
				6D6FCC8B285F8A8500E8387D /* IntentHandler.swift */,
				6D6FCC8D285F8A8500E8387D /* Info.plist */,
			);
			path = Intent;
			sourceTree = "<group>";
		};
		6D6FCCAB285FA9A100E8387D /* Utils */ = {
			isa = PBXGroup;
			children = (
				6D6FCCAC285FA9AF00E8387D /* ImpactHelper.swift */,
			);
			path = Utils;
			sourceTree = "<group>";
		};
		6DDB0766285C579500F09619 /* NewMetric */ = {
			isa = PBXGroup;
			children = (
				6D5C0AF7285900E2006B8A3C /* AddHeaderView.swift */,
				6D5C0AF928591175006B8A3C /* NewMetricViewModel.swift */,
				6D5C0AF12858E301006B8A3C /* NewMetricView.swift */,
			);
			path = NewMetric;
			sourceTree = "<group>";
		};
		6DE65E1D285DCEE900F3EF05 /* Frameworks */ = {
			isa = PBXGroup;
			children = (
				6DE65E1E285DCEE900F3EF05 /* WidgetKit.framework */,
				6DE65E20285DCEE900F3EF05 /* SwiftUI.framework */,
				6DE65E37285DCFF600F3EF05 /* Intents.framework */,
			);
			name = Frameworks;
			sourceTree = "<group>";
		};
/* End PBXGroup section */

/* Begin PBXNativeTarget section */
		6D2C22C2285719F400506A7C /* AnyMetrics */ = {
			isa = PBXNativeTarget;
			buildConfigurationList = 6D2C22E7285719F500506A7C /* Build configuration list for PBXNativeTarget "AnyMetrics" */;
			buildPhases = (
				6D2C23142857235300506A7C /* R.Swift */,
				6D2C22BF285719F400506A7C /* Sources */,
				6D2C22C0285719F400506A7C /* Frameworks */,
				6D2C22C1285719F400506A7C /* Resources */,
				6DE65E2E285DCEEA00F3EF05 /* Embed App Extensions */,
				6D36AA27286560150012E366 /* Firebase */,
			);
			buildRules = (
			);
			dependencies = (
				6D545CCF285F84420013D4F6 /* PBXTargetDependency */,
				6D6FCC8F285F8A8500E8387D /* PBXTargetDependency */,
			);
			name = AnyMetrics;
			packageProductDependencies = (
				6D2C22F128571A2800506A7C /* SwiftyJSON */,
				6D5C0ADE2857446F006B8A3C /* Rswift */,
				6D6FCCB82861A68100E8387D /* SwiftSoup */,
				6D36AA2528655A0B0012E366 /* FirebaseAnalyticsWithoutAdIdSupport */,
			);
			productName = AnyMetrics;
			productReference = 6D2C22C3285719F500506A7C /* AnyMetrics.app */;
			productType = "com.apple.product-type.application";
		};
		6D2C22D2285719F500506A7C /* AnyMetricsTests */ = {
			isa = PBXNativeTarget;
			buildConfigurationList = 6D2C22EA285719F500506A7C /* Build configuration list for PBXNativeTarget "AnyMetricsTests" */;
			buildPhases = (
				6D2C22CF285719F500506A7C /* Sources */,
				6D2C22D0285719F500506A7C /* Frameworks */,
				6D2C22D1285719F500506A7C /* Resources */,
			);
			buildRules = (
			);
			dependencies = (
				6D2C22D5285719F500506A7C /* PBXTargetDependency */,
			);
			name = AnyMetricsTests;
			productName = AnyMetricsTests;
			productReference = 6D2C22D3285719F500506A7C /* AnyMetricsTests.xctest */;
			productType = "com.apple.product-type.bundle.unit-test";
		};
		6D2C22DC285719F500506A7C /* AnyMetricsUITests */ = {
			isa = PBXNativeTarget;
			buildConfigurationList = 6D2C22ED285719F500506A7C /* Build configuration list for PBXNativeTarget "AnyMetricsUITests" */;
			buildPhases = (
				6D2C22D9285719F500506A7C /* Sources */,
				6D2C22DA285719F500506A7C /* Frameworks */,
				6D2C22DB285719F500506A7C /* Resources */,
			);
			buildRules = (
			);
			dependencies = (
				6D2C22DF285719F500506A7C /* PBXTargetDependency */,
			);
			name = AnyMetricsUITests;
			productName = AnyMetricsUITests;
			productReference = 6D2C22DD285719F500506A7C /* AnyMetricsUITests.xctest */;
			productType = "com.apple.product-type.bundle.ui-testing";
		};
		6D545CC1285F84410013D4F6 /* WidgetExtension */ = {
			isa = PBXNativeTarget;
			buildConfigurationList = 6D545CD1285F84420013D4F6 /* Build configuration list for PBXNativeTarget "WidgetExtension" */;
			buildPhases = (
				6D545CBE285F84410013D4F6 /* Sources */,
				6D545CBF285F84410013D4F6 /* Frameworks */,
				6D545CC0285F84410013D4F6 /* Resources */,
			);
			buildRules = (
			);
			dependencies = (
			);
			name = WidgetExtension;
			packageProductDependencies = (
				6D6FCC94285F8AA900E8387D /* SwiftyJSON */,
				6D6FCC96285F8AA900E8387D /* Rswift */,
				6D6FCCBD2861B0B500E8387D /* SwiftSoup */,
			);
			productName = WidgetExtension;
			productReference = 6D545CC2285F84410013D4F6 /* WidgetExtension.appex */;
			productType = "com.apple.product-type.app-extension";
		};
		6D6FCC87285F8A8500E8387D /* Intent */ = {
			isa = PBXNativeTarget;
			buildConfigurationList = 6D6FCC91285F8A8500E8387D /* Build configuration list for PBXNativeTarget "Intent" */;
			buildPhases = (
				6D6FCC84285F8A8500E8387D /* Sources */,
				6D6FCC85285F8A8500E8387D /* Frameworks */,
				6D6FCC86285F8A8500E8387D /* Resources */,
			);
			buildRules = (
			);
			dependencies = (
			);
			name = Intent;
			productName = Intent;
			productReference = 6D6FCC88285F8A8500E8387D /* Intent.appex */;
			productType = "com.apple.product-type.app-extension";
		};
/* End PBXNativeTarget section */

/* Begin PBXProject section */
		6D2C22BB285719F400506A7C /* Project object */ = {
			isa = PBXProject;
			attributes = {
				BuildIndependentTargetsInParallel = 1;
				LastSwiftUpdateCheck = 1330;
				LastUpgradeCheck = 1330;
				TargetAttributes = {
					6D2C22C2285719F400506A7C = {
						CreatedOnToolsVersion = 13.3.1;
					};
					6D2C22D2285719F500506A7C = {
						CreatedOnToolsVersion = 13.3.1;
						TestTargetID = 6D2C22C2285719F400506A7C;
					};
					6D2C22DC285719F500506A7C = {
						CreatedOnToolsVersion = 13.3.1;
						TestTargetID = 6D2C22C2285719F400506A7C;
					};
					6D545CC1285F84410013D4F6 = {
						CreatedOnToolsVersion = 13.3.1;
					};
					6D6FCC87285F8A8500E8387D = {
						CreatedOnToolsVersion = 13.3.1;
					};
				};
			};
			buildConfigurationList = 6D2C22BE285719F400506A7C /* Build configuration list for PBXProject "AnyMetrics" */;
			compatibilityVersion = "Xcode 13.0";
			developmentRegion = en;
			hasScannedForEncodings = 0;
			knownRegions = (
				en,
				Base,
				ru,
			);
			mainGroup = 6D2C22BA285719F400506A7C;
			packageReferences = (
				6D2C22F028571A2800506A7C /* XCRemoteSwiftPackageReference "SwiftyJSON" */,
				6D5C0ADD2857446F006B8A3C /* XCRemoteSwiftPackageReference "R.swift" */,
				6D6FCCB72861A68100E8387D /* XCRemoteSwiftPackageReference "SwiftSoup" */,
				6D36AA2428655A0B0012E366 /* XCRemoteSwiftPackageReference "firebase-ios-sdk" */,
			);
			productRefGroup = 6D2C22C4285719F500506A7C /* Products */;
			projectDirPath = "";
			projectRoot = "";
			targets = (
				6D2C22C2285719F400506A7C /* AnyMetrics */,
				6D2C22D2285719F500506A7C /* AnyMetricsTests */,
				6D2C22DC285719F500506A7C /* AnyMetricsUITests */,
				6D545CC1285F84410013D4F6 /* WidgetExtension */,
				6D6FCC87285F8A8500E8387D /* Intent */,
			);
		};
/* End PBXProject section */

/* Begin PBXResourcesBuildPhase section */
		6D2C22C1285719F400506A7C /* Resources */ = {
			isa = PBXResourcesBuildPhase;
			buildActionMask = 2147483647;
			files = (
				6D2C22CE285719F500506A7C /* Preview Assets.xcassets in Resources */,
				6D2C2318285724C600506A7C /* Localizable.strings in Resources */,
				6D2C22CB285719F500506A7C /* Assets.xcassets in Resources */,
				6D36AA23286559310012E366 /* GoogleService-Info.plist in Resources */,
			);
			runOnlyForDeploymentPostprocessing = 0;
		};
		6D2C22D1285719F500506A7C /* Resources */ = {
			isa = PBXResourcesBuildPhase;
			buildActionMask = 2147483647;
			files = (
			);
			runOnlyForDeploymentPostprocessing = 0;
		};
		6D2C22DB285719F500506A7C /* Resources */ = {
			isa = PBXResourcesBuildPhase;
			buildActionMask = 2147483647;
			files = (
			);
			runOnlyForDeploymentPostprocessing = 0;
		};
		6D545CC0285F84410013D4F6 /* Resources */ = {
			isa = PBXResourcesBuildPhase;
			buildActionMask = 2147483647;
			files = (
				6D6FCCB32860041A00E8387D /* Assets.xcassets in Resources */,
				6D545CCA285F84420013D4F6 /* Assets.xcassets in Resources */,
			);
			runOnlyForDeploymentPostprocessing = 0;
		};
		6D6FCC86285F8A8500E8387D /* Resources */ = {
			isa = PBXResourcesBuildPhase;
			buildActionMask = 2147483647;
			files = (
			);
			runOnlyForDeploymentPostprocessing = 0;
		};
/* End PBXResourcesBuildPhase section */

/* Begin PBXShellScriptBuildPhase section */
		6D2C23142857235300506A7C /* R.Swift */ = {
			isa = PBXShellScriptBuildPhase;
			buildActionMask = 2147483647;
			files = (
			);
			inputFileListPaths = (
			);
			inputPaths = (
			);
			name = R.Swift;
			outputFileListPaths = (
			);
			outputPaths = (
			);
			runOnlyForDeploymentPostprocessing = 0;
			shellPath = /bin/sh;
			shellScript = "\"$SRCROOT/rswift\" generate \"$SRCROOT/R.generated.swift\"\n";
		};
		6D36AA27286560150012E366 /* Firebase */ = {
			isa = PBXShellScriptBuildPhase;
			buildActionMask = 2147483647;
			files = (
			);
			inputFileListPaths = (
			);
			inputPaths = (
				"${DWARF_DSYM_FOLDER_PATH}/${DWARF_DSYM_FILE_NAME}/Contents/Resources/DWARF/${TARGET_NAME}",
				"$(SRCROOT)/$(BUILT_PRODUCTS_DIR)/$(INFOPLIST_PATH)",
			);
			name = Firebase;
			outputFileListPaths = (
			);
			outputPaths = (
			);
			runOnlyForDeploymentPostprocessing = 0;
			shellPath = /bin/sh;
			shellScript = "# Type a script or drag a script file from your workspace to insert its path.\n\"${BUILD_DIR%/Build/*}/SourcePackages/checkouts/firebase-ios-sdk/Crashlytics/run\"\n";
		};
/* End PBXShellScriptBuildPhase section */

/* Begin PBXSourcesBuildPhase section */
		6D2C22BF285719F400506A7C /* Sources */ = {
			isa = PBXSourcesBuildPhase;
			buildActionMask = 2147483647;
			files = (
				6D6FCCAD285FA9AF00E8387D /* ImpactHelper.swift in Sources */,
				6D2C2308285720E800506A7C /* JSON+Ex.swift in Sources */,
				6D2C2324285726D200506A7C /* R.generated.swift in Sources */,
				6D5C0AFE285912C7006B8A3C /* ImportMetric.swift in Sources */,
				6D2C230C2857217900506A7C /* String+Ex.swift in Sources */,
				6D2C2328285734DE00506A7C /* Mocks.swift in Sources */,
				6D2C22F628571A7B00506A7C /* Metric.swift in Sources */,
				6D5C0AFA28591175006B8A3C /* NewMetricViewModel.swift in Sources */,
				6D2C2326285727AC00506A7C /* MetricView.swift in Sources */,
				6D2C230328571F6B00506A7C /* Fetcher.swift in Sources */,
				6D5C0B002859136D006B8A3C /* ImportMetricParser.swift in Sources */,
				6D2C2305285720B300506A7C /* Formatter.swift in Sources */,
				6DDB0768285C623400F09619 /* View+Dismiss.swift in Sources */,
				6D2C230E285721A300506A7C /* Array+Ex.swift in Sources */,
				6D255F7928659140009E065B /* Widget.intentdefinition in Sources */,
				6D6FCCC02861BD0300E8387D /* Document+Ex.swift in Sources */,
				6D2C230A2857213000506A7C /* Data+Ex.swift in Sources */,
				6DE65E49285DD63500F3EF05 /* MetricStore.swift in Sources */,
				6D5C0AE42857BF2E006B8A3C /* GalleryView.swift in Sources */,
				6D5C0AE82857C004006B8A3C /* GalleryService.swift in Sources */,
				6D2C22C9285719F500506A7C /* MainView.swift in Sources */,
				6D2C22C7285719F500506A7C /* AnyMetricsApp.swift in Sources */,
				6D2C23202857257200506A7C /* AppConfig.swift in Sources */,
				6D6FCCBB2861A72A00E8387D /* MetricValueParser.swift in Sources */,
				6D5C0AFC2859129A006B8A3C /* ImportMetric+Codable.swift in Sources */,
				6DACA39F28624AAE003FD011 /* GalleryViewModel.swift in Sources */,
				6D6FCCB52860068300E8387D /* Bundle+Widget.swift in Sources */,
				6D5C0AF22858E301006B8A3C /* NewMetricView.swift in Sources */,
				6D2C2310285722DC00506A7C /* R+Ex.swift in Sources */,
				6DE65E57285DDB9100F3EF05 /* MetricContentView.swift in Sources */,
				6D5C0AF62858FC95006B8A3C /* SearchPickerView.swift in Sources */,
				6D5C0AF42858E400006B8A3C /* HttpHeaders.swift in Sources */,
				6D2C2322285725FB00506A7C /* Metric+Codable.swift in Sources */,
				6D5C0AE1285744F8006B8A3C /* Font+Ex.swift in Sources */,
				6D2C231E2857253700506A7C /* MainViewModel.swift in Sources */,
				6D5C0AF8285900E2006B8A3C /* AddHeaderView.swift in Sources */,
			);
			runOnlyForDeploymentPostprocessing = 0;
		};
		6D2C22CF285719F500506A7C /* Sources */ = {
			isa = PBXSourcesBuildPhase;
			buildActionMask = 2147483647;
			files = (
				6D2C22D8285719F500506A7C /* AnyMetricsTests.swift in Sources */,
			);
			runOnlyForDeploymentPostprocessing = 0;
		};
		6D2C22D9285719F500506A7C /* Sources */ = {
			isa = PBXSourcesBuildPhase;
			buildActionMask = 2147483647;
			files = (
				6D2C22E2285719F500506A7C /* AnyMetricsUITests.swift in Sources */,
				6D2C22E4285719F500506A7C /* AnyMetricsUITestsLaunchTests.swift in Sources */,
			);
			runOnlyForDeploymentPostprocessing = 0;
		};
		6D545CBE285F84410013D4F6 /* Sources */ = {
			isa = PBXSourcesBuildPhase;
			buildActionMask = 2147483647;
			files = (
				6D6FCCBC2861B0A400E8387D /* MetricValueParser.swift in Sources */,
				6D6FCCA3285FA4B100E8387D /* AppConfig.swift in Sources */,
				6D6FCCA2285F910A00E8387D /* Metric+Codable.swift in Sources */,
				6D6FCCB6286006E100E8387D /* Bundle+Widget.swift in Sources */,
				6D6FCCA6285FA4D000E8387D /* Formatter.swift in Sources */,
				6D6FCCC12861C0AC00E8387D /* Document+Ex.swift in Sources */,
				6D6FCCA0285F90E500E8387D /* Fetcher.swift in Sources */,
				6D6FCCAA285FA96700E8387D /* MetricContentView.swift in Sources */,
				6D6FCCAF285FAACB00E8387D /* R+Ex.swift in Sources */,
				6D255F7A28659140009E065B /* Widget.intentdefinition in Sources */,
				6D6FCCAE285FAABD00E8387D /* R.generated.swift in Sources */,
				6D6FCC99285F8F1E00E8387D /* IntentHandler.swift in Sources */,
				6D6FCCA9285FA54F00E8387D /* JSON+Ex.swift in Sources */,
				6D545CC7285F84410013D4F6 /* Widget.swift in Sources */,
				6D6FCC9D285F90C000E8387D /* MetricStore.swift in Sources */,
				6D6FCC9C285F90B400E8387D /* Metric.swift in Sources */,
				6D6FCC9F285F90DC00E8387D /* Mocks.swift in Sources */,
			);
			runOnlyForDeploymentPostprocessing = 0;
		};
		6D6FCC84285F8A8500E8387D /* Sources */ = {
			isa = PBXSourcesBuildPhase;
			buildActionMask = 2147483647;
			files = (
				6D6FCCA5285FA4C300E8387D /* Metric+Codable.swift in Sources */,
				6D6FCC8C285F8A8500E8387D /* IntentHandler.swift in Sources */,
				6D6FCCA4285FA4B300E8387D /* AppConfig.swift in Sources */,
				6D6FCCA7285FA4D100E8387D /* Formatter.swift in Sources */,
				6D255F7B28659140009E065B /* Widget.intentdefinition in Sources */,
				6D6FCC9E285F90C100E8387D /* MetricStore.swift in Sources */,
				6D6FCCA1285F910300E8387D /* Metric.swift in Sources */,
			);
			runOnlyForDeploymentPostprocessing = 0;
		};
/* End PBXSourcesBuildPhase section */

/* Begin PBXTargetDependency section */
		6D2C22D5285719F500506A7C /* PBXTargetDependency */ = {
			isa = PBXTargetDependency;
			target = 6D2C22C2285719F400506A7C /* AnyMetrics */;
			targetProxy = 6D2C22D4285719F500506A7C /* PBXContainerItemProxy */;
		};
		6D2C22DF285719F500506A7C /* PBXTargetDependency */ = {
			isa = PBXTargetDependency;
			target = 6D2C22C2285719F400506A7C /* AnyMetrics */;
			targetProxy = 6D2C22DE285719F500506A7C /* PBXContainerItemProxy */;
		};
		6D545CCF285F84420013D4F6 /* PBXTargetDependency */ = {
			isa = PBXTargetDependency;
			target = 6D545CC1285F84410013D4F6 /* WidgetExtension */;
			targetProxy = 6D545CCE285F84420013D4F6 /* PBXContainerItemProxy */;
		};
		6D6FCC8F285F8A8500E8387D /* PBXTargetDependency */ = {
			isa = PBXTargetDependency;
			target = 6D6FCC87285F8A8500E8387D /* Intent */;
			targetProxy = 6D6FCC8E285F8A8500E8387D /* PBXContainerItemProxy */;
		};
/* End PBXTargetDependency section */

/* Begin PBXVariantGroup section */
		6D255F7D28659140009E065B /* Widget.intentdefinition */ = {
			isa = PBXVariantGroup;
			children = (
				6D255F7C28659140009E065B /* Base */,
				6D255F7F28659143009E065B /* en */,
				6D255F8128659143009E065B /* ru */,
			);
			name = Widget.intentdefinition;
			sourceTree = "<group>";
		};
		6D2C231A285724C600506A7C /* Localizable.strings */ = {
			isa = PBXVariantGroup;
			children = (
				6D2C2319285724C600506A7C /* en */,
				6D2C231B285724C800506A7C /* ru */,
			);
			name = Localizable.strings;
			sourceTree = "<group>";
		};
/* End PBXVariantGroup section */

/* Begin XCBuildConfiguration section */
		6D2C22E5285719F500506A7C /* Debug */ = {
			isa = XCBuildConfiguration;
			buildSettings = {
				ALWAYS_SEARCH_USER_PATHS = NO;
				CLANG_ANALYZER_NONNULL = YES;
				CLANG_ANALYZER_NUMBER_OBJECT_CONVERSION = YES_AGGRESSIVE;
				CLANG_CXX_LANGUAGE_STANDARD = "gnu++17";
				CLANG_ENABLE_MODULES = YES;
				CLANG_ENABLE_OBJC_ARC = YES;
				CLANG_ENABLE_OBJC_WEAK = YES;
				CLANG_WARN_BLOCK_CAPTURE_AUTORELEASING = YES;
				CLANG_WARN_BOOL_CONVERSION = YES;
				CLANG_WARN_COMMA = YES;
				CLANG_WARN_CONSTANT_CONVERSION = YES;
				CLANG_WARN_DEPRECATED_OBJC_IMPLEMENTATIONS = YES;
				CLANG_WARN_DIRECT_OBJC_ISA_USAGE = YES_ERROR;
				CLANG_WARN_DOCUMENTATION_COMMENTS = YES;
				CLANG_WARN_EMPTY_BODY = YES;
				CLANG_WARN_ENUM_CONVERSION = YES;
				CLANG_WARN_INFINITE_RECURSION = YES;
				CLANG_WARN_INT_CONVERSION = YES;
				CLANG_WARN_NON_LITERAL_NULL_CONVERSION = YES;
				CLANG_WARN_OBJC_IMPLICIT_RETAIN_SELF = YES;
				CLANG_WARN_OBJC_LITERAL_CONVERSION = YES;
				CLANG_WARN_OBJC_ROOT_CLASS = YES_ERROR;
				CLANG_WARN_QUOTED_INCLUDE_IN_FRAMEWORK_HEADER = YES;
				CLANG_WARN_RANGE_LOOP_ANALYSIS = YES;
				CLANG_WARN_STRICT_PROTOTYPES = YES;
				CLANG_WARN_SUSPICIOUS_MOVE = YES;
				CLANG_WARN_UNGUARDED_AVAILABILITY = YES_AGGRESSIVE;
				CLANG_WARN_UNREACHABLE_CODE = YES;
				CLANG_WARN__DUPLICATE_METHOD_MATCH = YES;
				COPY_PHASE_STRIP = NO;
				DEBUG_INFORMATION_FORMAT = dwarf;
				ENABLE_STRICT_OBJC_MSGSEND = YES;
				ENABLE_TESTABILITY = YES;
				GCC_C_LANGUAGE_STANDARD = gnu11;
				GCC_DYNAMIC_NO_PIC = NO;
				GCC_NO_COMMON_BLOCKS = YES;
				GCC_OPTIMIZATION_LEVEL = 0;
				GCC_PREPROCESSOR_DEFINITIONS = (
					"DEBUG=1",
					"$(inherited)",
				);
				GCC_WARN_64_TO_32_BIT_CONVERSION = YES;
				GCC_WARN_ABOUT_RETURN_TYPE = YES_ERROR;
				GCC_WARN_UNDECLARED_SELECTOR = YES;
				GCC_WARN_UNINITIALIZED_AUTOS = YES_AGGRESSIVE;
				GCC_WARN_UNUSED_FUNCTION = YES;
				GCC_WARN_UNUSED_VARIABLE = YES;
				IPHONEOS_DEPLOYMENT_TARGET = 15.0;
				MTL_ENABLE_DEBUG_INFO = INCLUDE_SOURCE;
				MTL_FAST_MATH = YES;
				ONLY_ACTIVE_ARCH = YES;
				SDKROOT = iphoneos;
				SWIFT_ACTIVE_COMPILATION_CONDITIONS = DEBUG;
				SWIFT_OPTIMIZATION_LEVEL = "-Onone";
			};
			name = Debug;
		};
		6D2C22E6285719F500506A7C /* Release */ = {
			isa = XCBuildConfiguration;
			buildSettings = {
				ALWAYS_SEARCH_USER_PATHS = NO;
				CLANG_ANALYZER_NONNULL = YES;
				CLANG_ANALYZER_NUMBER_OBJECT_CONVERSION = YES_AGGRESSIVE;
				CLANG_CXX_LANGUAGE_STANDARD = "gnu++17";
				CLANG_ENABLE_MODULES = YES;
				CLANG_ENABLE_OBJC_ARC = YES;
				CLANG_ENABLE_OBJC_WEAK = YES;
				CLANG_WARN_BLOCK_CAPTURE_AUTORELEASING = YES;
				CLANG_WARN_BOOL_CONVERSION = YES;
				CLANG_WARN_COMMA = YES;
				CLANG_WARN_CONSTANT_CONVERSION = YES;
				CLANG_WARN_DEPRECATED_OBJC_IMPLEMENTATIONS = YES;
				CLANG_WARN_DIRECT_OBJC_ISA_USAGE = YES_ERROR;
				CLANG_WARN_DOCUMENTATION_COMMENTS = YES;
				CLANG_WARN_EMPTY_BODY = YES;
				CLANG_WARN_ENUM_CONVERSION = YES;
				CLANG_WARN_INFINITE_RECURSION = YES;
				CLANG_WARN_INT_CONVERSION = YES;
				CLANG_WARN_NON_LITERAL_NULL_CONVERSION = YES;
				CLANG_WARN_OBJC_IMPLICIT_RETAIN_SELF = YES;
				CLANG_WARN_OBJC_LITERAL_CONVERSION = YES;
				CLANG_WARN_OBJC_ROOT_CLASS = YES_ERROR;
				CLANG_WARN_QUOTED_INCLUDE_IN_FRAMEWORK_HEADER = YES;
				CLANG_WARN_RANGE_LOOP_ANALYSIS = YES;
				CLANG_WARN_STRICT_PROTOTYPES = YES;
				CLANG_WARN_SUSPICIOUS_MOVE = YES;
				CLANG_WARN_UNGUARDED_AVAILABILITY = YES_AGGRESSIVE;
				CLANG_WARN_UNREACHABLE_CODE = YES;
				CLANG_WARN__DUPLICATE_METHOD_MATCH = YES;
				COPY_PHASE_STRIP = NO;
				DEBUG_INFORMATION_FORMAT = "dwarf-with-dsym";
				ENABLE_NS_ASSERTIONS = NO;
				ENABLE_STRICT_OBJC_MSGSEND = YES;
				GCC_C_LANGUAGE_STANDARD = gnu11;
				GCC_NO_COMMON_BLOCKS = YES;
				GCC_WARN_64_TO_32_BIT_CONVERSION = YES;
				GCC_WARN_ABOUT_RETURN_TYPE = YES_ERROR;
				GCC_WARN_UNDECLARED_SELECTOR = YES;
				GCC_WARN_UNINITIALIZED_AUTOS = YES_AGGRESSIVE;
				GCC_WARN_UNUSED_FUNCTION = YES;
				GCC_WARN_UNUSED_VARIABLE = YES;
				IPHONEOS_DEPLOYMENT_TARGET = 15.0;
				MTL_ENABLE_DEBUG_INFO = NO;
				MTL_FAST_MATH = YES;
				SDKROOT = iphoneos;
				SWIFT_COMPILATION_MODE = wholemodule;
				SWIFT_OPTIMIZATION_LEVEL = "-O";
				VALIDATE_PRODUCT = YES;
			};
			name = Release;
		};
		6D2C22E8285719F500506A7C /* Debug */ = {
			isa = XCBuildConfiguration;
			buildSettings = {
				ALWAYS_EMBED_SWIFT_STANDARD_LIBRARIES = YES;
				ASSETCATALOG_COMPILER_APPICON_NAME = AppIcon;
				ASSETCATALOG_COMPILER_GLOBAL_ACCENT_COLOR_NAME = AccentColor;
				CODE_SIGN_ENTITLEMENTS = AnyMetrics/AnyMetrics.entitlements;
				CODE_SIGN_IDENTITY = "Apple Development";
				CODE_SIGN_STYLE = Automatic;
				CURRENT_PROJECT_VERSION = 1;
				DEBUG_INFORMATION_FORMAT = "dwarf-with-dsym";
				DEVELOPMENT_ASSET_PATHS = "\"AnyMetrics/Preview Content\"";
				DEVELOPMENT_TEAM = Q424U5CAPS;
				ENABLE_PREVIEWS = YES;
				GENERATE_INFOPLIST_FILE = YES;
				INFOPLIST_FILE = AnyMetrics/Info.plist;
				INFOPLIST_KEY_CFBundleDisplayName = AnyMetrics;
				INFOPLIST_KEY_UIApplicationSceneManifest_Generation = YES;
				INFOPLIST_KEY_UIApplicationSupportsIndirectInputEvents = YES;
				INFOPLIST_KEY_UILaunchScreen_Generation = YES;
				INFOPLIST_KEY_UISupportedInterfaceOrientations = UIInterfaceOrientationPortrait;
				INFOPLIST_KEY_UISupportedInterfaceOrientations_iPad = "UIInterfaceOrientationPortrait UIInterfaceOrientationPortraitUpsideDown UIInterfaceOrientationLandscapeLeft UIInterfaceOrientationLandscapeRight";
				INFOPLIST_KEY_UISupportedInterfaceOrientations_iPhone = "UIInterfaceOrientationPortrait UIInterfaceOrientationLandscapeLeft UIInterfaceOrientationLandscapeRight";
				LD_RUNPATH_SEARCH_PATHS = (
					"$(inherited)",
					"@executable_path/Frameworks",
				);
				MARKETING_VERSION = 1.0;
				PRODUCT_BUNDLE_IDENTIFIER = app.anymetrics.AnyMetrics;
				PRODUCT_NAME = "$(TARGET_NAME)";
				PROVISIONING_PROFILE_SPECIFIER = "";
				SWIFT_EMIT_LOC_STRINGS = YES;
				SWIFT_VERSION = 5.0;
				TARGETED_DEVICE_FAMILY = "1,2";
			};
			name = Debug;
		};
		6D2C22E9285719F500506A7C /* Release */ = {
			isa = XCBuildConfiguration;
			buildSettings = {
				ALWAYS_EMBED_SWIFT_STANDARD_LIBRARIES = YES;
				ASSETCATALOG_COMPILER_APPICON_NAME = AppIcon;
				ASSETCATALOG_COMPILER_GLOBAL_ACCENT_COLOR_NAME = AccentColor;
				CODE_SIGN_ENTITLEMENTS = AnyMetrics/AnyMetrics.entitlements;
				CODE_SIGN_IDENTITY = "Apple Development";
				CODE_SIGN_STYLE = Automatic;
				CURRENT_PROJECT_VERSION = 1;
				DEVELOPMENT_ASSET_PATHS = "\"AnyMetrics/Preview Content\"";
				DEVELOPMENT_TEAM = Q424U5CAPS;
				ENABLE_PREVIEWS = YES;
				GENERATE_INFOPLIST_FILE = YES;
				INFOPLIST_FILE = AnyMetrics/Info.plist;
				INFOPLIST_KEY_CFBundleDisplayName = AnyMetrics;
				INFOPLIST_KEY_UIApplicationSceneManifest_Generation = YES;
				INFOPLIST_KEY_UIApplicationSupportsIndirectInputEvents = YES;
				INFOPLIST_KEY_UILaunchScreen_Generation = YES;
				INFOPLIST_KEY_UISupportedInterfaceOrientations = UIInterfaceOrientationPortrait;
				INFOPLIST_KEY_UISupportedInterfaceOrientations_iPad = "UIInterfaceOrientationPortrait UIInterfaceOrientationPortraitUpsideDown UIInterfaceOrientationLandscapeLeft UIInterfaceOrientationLandscapeRight";
				INFOPLIST_KEY_UISupportedInterfaceOrientations_iPhone = "UIInterfaceOrientationPortrait UIInterfaceOrientationLandscapeLeft UIInterfaceOrientationLandscapeRight";
				LD_RUNPATH_SEARCH_PATHS = (
					"$(inherited)",
					"@executable_path/Frameworks",
				);
				MARKETING_VERSION = 1.0;
				PRODUCT_BUNDLE_IDENTIFIER = app.anymetrics.AnyMetrics;
				PRODUCT_NAME = "$(TARGET_NAME)";
				PROVISIONING_PROFILE_SPECIFIER = "";
				SWIFT_EMIT_LOC_STRINGS = YES;
				SWIFT_VERSION = 5.0;
				TARGETED_DEVICE_FAMILY = "1,2";
			};
			name = Release;
		};
		6D2C22EB285719F500506A7C /* Debug */ = {
			isa = XCBuildConfiguration;
			buildSettings = {
				ALWAYS_EMBED_SWIFT_STANDARD_LIBRARIES = YES;
				BUNDLE_LOADER = "$(TEST_HOST)";
				CODE_SIGN_STYLE = Automatic;
				CURRENT_PROJECT_VERSION = 1;
				DEVELOPMENT_TEAM = Q424U5CAPS;
				GENERATE_INFOPLIST_FILE = YES;
				IPHONEOS_DEPLOYMENT_TARGET = 15.4;
				MARKETING_VERSION = 1.0;
				PRODUCT_BUNDLE_IDENTIFIER = app.AnyMetricsTests;
				PRODUCT_NAME = "$(TARGET_NAME)";
				SWIFT_EMIT_LOC_STRINGS = NO;
				SWIFT_VERSION = 5.0;
				TARGETED_DEVICE_FAMILY = "1,2";
				TEST_HOST = "$(BUILT_PRODUCTS_DIR)/AnyMetrics.app/AnyMetrics";
			};
			name = Debug;
		};
		6D2C22EC285719F500506A7C /* Release */ = {
			isa = XCBuildConfiguration;
			buildSettings = {
				ALWAYS_EMBED_SWIFT_STANDARD_LIBRARIES = YES;
				BUNDLE_LOADER = "$(TEST_HOST)";
				CODE_SIGN_STYLE = Automatic;
				CURRENT_PROJECT_VERSION = 1;
				DEVELOPMENT_TEAM = Q424U5CAPS;
				GENERATE_INFOPLIST_FILE = YES;
				IPHONEOS_DEPLOYMENT_TARGET = 15.4;
				MARKETING_VERSION = 1.0;
				PRODUCT_BUNDLE_IDENTIFIER = app.AnyMetricsTests;
				PRODUCT_NAME = "$(TARGET_NAME)";
				SWIFT_EMIT_LOC_STRINGS = NO;
				SWIFT_VERSION = 5.0;
				TARGETED_DEVICE_FAMILY = "1,2";
				TEST_HOST = "$(BUILT_PRODUCTS_DIR)/AnyMetrics.app/AnyMetrics";
			};
			name = Release;
		};
		6D2C22EE285719F500506A7C /* Debug */ = {
			isa = XCBuildConfiguration;
			buildSettings = {
				ALWAYS_EMBED_SWIFT_STANDARD_LIBRARIES = YES;
				CODE_SIGN_STYLE = Automatic;
				CURRENT_PROJECT_VERSION = 1;
				DEVELOPMENT_TEAM = Q424U5CAPS;
				GENERATE_INFOPLIST_FILE = YES;
				MARKETING_VERSION = 1.0;
				PRODUCT_BUNDLE_IDENTIFIER = app.AnyMetricsUITests;
				PRODUCT_NAME = "$(TARGET_NAME)";
				SWIFT_EMIT_LOC_STRINGS = NO;
				SWIFT_VERSION = 5.0;
				TARGETED_DEVICE_FAMILY = "1,2";
				TEST_TARGET_NAME = AnyMetrics;
			};
			name = Debug;
		};
		6D2C22EF285719F500506A7C /* Release */ = {
			isa = XCBuildConfiguration;
			buildSettings = {
				ALWAYS_EMBED_SWIFT_STANDARD_LIBRARIES = YES;
				CODE_SIGN_STYLE = Automatic;
				CURRENT_PROJECT_VERSION = 1;
				DEVELOPMENT_TEAM = Q424U5CAPS;
				GENERATE_INFOPLIST_FILE = YES;
				MARKETING_VERSION = 1.0;
				PRODUCT_BUNDLE_IDENTIFIER = app.AnyMetricsUITests;
				PRODUCT_NAME = "$(TARGET_NAME)";
				SWIFT_EMIT_LOC_STRINGS = NO;
				SWIFT_VERSION = 5.0;
				TARGETED_DEVICE_FAMILY = "1,2";
				TEST_TARGET_NAME = AnyMetrics;
			};
			name = Release;
		};
		6D545CD2285F84420013D4F6 /* Debug */ = {
			isa = XCBuildConfiguration;
			buildSettings = {
				ASSETCATALOG_COMPILER_GLOBAL_ACCENT_COLOR_NAME = AccentColor;
				ASSETCATALOG_COMPILER_WIDGET_BACKGROUND_COLOR_NAME = WidgetBackground;
				CODE_SIGN_ENTITLEMENTS = WidgetExtension.entitlements;
				CODE_SIGN_IDENTITY = "Apple Development";
				CODE_SIGN_STYLE = Automatic;
				CURRENT_PROJECT_VERSION = 1;
				DEVELOPMENT_TEAM = Q424U5CAPS;
				GENERATE_INFOPLIST_FILE = YES;
				INFOPLIST_FILE = Widget/Info.plist;
				INFOPLIST_KEY_CFBundleDisplayName = Widget;
				INFOPLIST_KEY_NSHumanReadableCopyright = "";
				IPHONEOS_DEPLOYMENT_TARGET = 15.0;
				LD_RUNPATH_SEARCH_PATHS = (
					"$(inherited)",
					"@executable_path/Frameworks",
					"@executable_path/../../Frameworks",
				);
				MARKETING_VERSION = 1.0;
				PRODUCT_BUNDLE_IDENTIFIER = app.anymetrics.AnyMetrics.WidgetExtention;
				PRODUCT_NAME = "$(TARGET_NAME)";
				PROVISIONING_PROFILE_SPECIFIER = "";
				SKIP_INSTALL = YES;
				SWIFT_EMIT_LOC_STRINGS = YES;
				SWIFT_VERSION = 5.0;
				TARGETED_DEVICE_FAMILY = "1,2";
			};
			name = Debug;
		};
		6D545CD3285F84420013D4F6 /* Release */ = {
			isa = XCBuildConfiguration;
			buildSettings = {
				ASSETCATALOG_COMPILER_GLOBAL_ACCENT_COLOR_NAME = AccentColor;
				ASSETCATALOG_COMPILER_WIDGET_BACKGROUND_COLOR_NAME = WidgetBackground;
				CODE_SIGN_ENTITLEMENTS = WidgetExtension.entitlements;
				CODE_SIGN_IDENTITY = "Apple Development";
				CODE_SIGN_STYLE = Automatic;
				CURRENT_PROJECT_VERSION = 1;
				DEVELOPMENT_TEAM = Q424U5CAPS;
				GENERATE_INFOPLIST_FILE = YES;
				INFOPLIST_FILE = Widget/Info.plist;
				INFOPLIST_KEY_CFBundleDisplayName = Widget;
				INFOPLIST_KEY_NSHumanReadableCopyright = "";
				IPHONEOS_DEPLOYMENT_TARGET = 15.0;
				LD_RUNPATH_SEARCH_PATHS = (
					"$(inherited)",
					"@executable_path/Frameworks",
					"@executable_path/../../Frameworks",
				);
				MARKETING_VERSION = 1.0;
				PRODUCT_BUNDLE_IDENTIFIER = app.anymetrics.AnyMetrics.WidgetExtention;
				PRODUCT_NAME = "$(TARGET_NAME)";
				PROVISIONING_PROFILE_SPECIFIER = "";
				SKIP_INSTALL = YES;
				SWIFT_EMIT_LOC_STRINGS = YES;
				SWIFT_VERSION = 5.0;
				TARGETED_DEVICE_FAMILY = "1,2";
			};
			name = Release;
		};
		6D6FCC92285F8A8500E8387D /* Debug */ = {
			isa = XCBuildConfiguration;
			buildSettings = {
				CODE_SIGN_ENTITLEMENTS = Intent/Intent.entitlements;
				CODE_SIGN_IDENTITY = "Apple Development";
				CODE_SIGN_STYLE = Automatic;
				CURRENT_PROJECT_VERSION = 1;
				DEVELOPMENT_TEAM = Q424U5CAPS;
				GENERATE_INFOPLIST_FILE = YES;
				INFOPLIST_FILE = Intent/Info.plist;
				INFOPLIST_KEY_CFBundleDisplayName = Intent;
				INFOPLIST_KEY_NSHumanReadableCopyright = "";
				IPHONEOS_DEPLOYMENT_TARGET = 15.0;
				LD_RUNPATH_SEARCH_PATHS = (
					"$(inherited)",
					"@executable_path/Frameworks",
					"@executable_path/../../Frameworks",
				);
				MARKETING_VERSION = 1.0;
				PRODUCT_BUNDLE_IDENTIFIER = app.anymetrics.AnyMetrics.IntentExtention;
				PRODUCT_NAME = "$(TARGET_NAME)";
				PROVISIONING_PROFILE_SPECIFIER = "";
				SKIP_INSTALL = YES;
				SWIFT_EMIT_LOC_STRINGS = YES;
				SWIFT_VERSION = 5.0;
				TARGETED_DEVICE_FAMILY = "1,2";
			};
			name = Debug;
		};
		6D6FCC93285F8A8500E8387D /* Release */ = {
			isa = XCBuildConfiguration;
			buildSettings = {
				CODE_SIGN_ENTITLEMENTS = Intent/Intent.entitlements;
				CODE_SIGN_IDENTITY = "Apple Development";
				CODE_SIGN_STYLE = Automatic;
				CURRENT_PROJECT_VERSION = 1;
				DEVELOPMENT_TEAM = Q424U5CAPS;
				GENERATE_INFOPLIST_FILE = YES;
				INFOPLIST_FILE = Intent/Info.plist;
				INFOPLIST_KEY_CFBundleDisplayName = Intent;
				INFOPLIST_KEY_NSHumanReadableCopyright = "";
				IPHONEOS_DEPLOYMENT_TARGET = 15.0;
				LD_RUNPATH_SEARCH_PATHS = (
					"$(inherited)",
					"@executable_path/Frameworks",
					"@executable_path/../../Frameworks",
				);
				MARKETING_VERSION = 1.0;
				PRODUCT_BUNDLE_IDENTIFIER = app.anymetrics.AnyMetrics.IntentExtention;
				PRODUCT_NAME = "$(TARGET_NAME)";
				PROVISIONING_PROFILE_SPECIFIER = "";
				SKIP_INSTALL = YES;
				SWIFT_EMIT_LOC_STRINGS = YES;
				SWIFT_VERSION = 5.0;
				TARGETED_DEVICE_FAMILY = "1,2";
			};
			name = Release;
		};
/* End XCBuildConfiguration section */

/* Begin XCConfigurationList section */
		6D2C22BE285719F400506A7C /* Build configuration list for PBXProject "AnyMetrics" */ = {
			isa = XCConfigurationList;
			buildConfigurations = (
				6D2C22E5285719F500506A7C /* Debug */,
				6D2C22E6285719F500506A7C /* Release */,
			);
			defaultConfigurationIsVisible = 0;
			defaultConfigurationName = Release;
		};
		6D2C22E7285719F500506A7C /* Build configuration list for PBXNativeTarget "AnyMetrics" */ = {
			isa = XCConfigurationList;
			buildConfigurations = (
				6D2C22E8285719F500506A7C /* Debug */,
				6D2C22E9285719F500506A7C /* Release */,
			);
			defaultConfigurationIsVisible = 0;
			defaultConfigurationName = Release;
		};
		6D2C22EA285719F500506A7C /* Build configuration list for PBXNativeTarget "AnyMetricsTests" */ = {
			isa = XCConfigurationList;
			buildConfigurations = (
				6D2C22EB285719F500506A7C /* Debug */,
				6D2C22EC285719F500506A7C /* Release */,
			);
			defaultConfigurationIsVisible = 0;
			defaultConfigurationName = Release;
		};
		6D2C22ED285719F500506A7C /* Build configuration list for PBXNativeTarget "AnyMetricsUITests" */ = {
			isa = XCConfigurationList;
			buildConfigurations = (
				6D2C22EE285719F500506A7C /* Debug */,
				6D2C22EF285719F500506A7C /* Release */,
			);
			defaultConfigurationIsVisible = 0;
			defaultConfigurationName = Release;
		};
		6D545CD1285F84420013D4F6 /* Build configuration list for PBXNativeTarget "WidgetExtension" */ = {
			isa = XCConfigurationList;
			buildConfigurations = (
				6D545CD2285F84420013D4F6 /* Debug */,
				6D545CD3285F84420013D4F6 /* Release */,
			);
			defaultConfigurationIsVisible = 0;
			defaultConfigurationName = Release;
		};
		6D6FCC91285F8A8500E8387D /* Build configuration list for PBXNativeTarget "Intent" */ = {
			isa = XCConfigurationList;
			buildConfigurations = (
				6D6FCC92285F8A8500E8387D /* Debug */,
				6D6FCC93285F8A8500E8387D /* Release */,
			);
			defaultConfigurationIsVisible = 0;
			defaultConfigurationName = Release;
		};
/* End XCConfigurationList section */

/* Begin XCRemoteSwiftPackageReference section */
		6D2C22F028571A2800506A7C /* XCRemoteSwiftPackageReference "SwiftyJSON" */ = {
			isa = XCRemoteSwiftPackageReference;
			repositoryURL = "https://github.com/SwiftyJSON/SwiftyJSON.git";
			requirement = {
				kind = upToNextMajorVersion;
				minimumVersion = 5.0.0;
			};
		};
		6D36AA2428655A0B0012E366 /* XCRemoteSwiftPackageReference "firebase-ios-sdk" */ = {
			isa = XCRemoteSwiftPackageReference;
			repositoryURL = "https://github.com/firebase/firebase-ios-sdk.git";
			requirement = {
				kind = upToNextMajorVersion;
				minimumVersion = 9.0.0;
			};
		};
		6D5C0ADD2857446F006B8A3C /* XCRemoteSwiftPackageReference "R.swift" */ = {
			isa = XCRemoteSwiftPackageReference;
			repositoryURL = "https://github.com/mac-cain13/R.swift.Library";
			requirement = {
				branch = master;
				kind = branch;
			};
		};
		6D6FCCB72861A68100E8387D /* XCRemoteSwiftPackageReference "SwiftSoup" */ = {
			isa = XCRemoteSwiftPackageReference;
			repositoryURL = "https://github.com/scinfu/SwiftSoup.git";
			requirement = {
				kind = upToNextMajorVersion;
				minimumVersion = 2.0.0;
			};
		};
/* End XCRemoteSwiftPackageReference section */

/* Begin XCSwiftPackageProductDependency section */
		6D2C22F128571A2800506A7C /* SwiftyJSON */ = {
			isa = XCSwiftPackageProductDependency;
			package = 6D2C22F028571A2800506A7C /* XCRemoteSwiftPackageReference "SwiftyJSON" */;
			productName = SwiftyJSON;
		};
		6D36AA2528655A0B0012E366 /* FirebaseAnalyticsWithoutAdIdSupport */ = {
			isa = XCSwiftPackageProductDependency;
			package = 6D36AA2428655A0B0012E366 /* XCRemoteSwiftPackageReference "firebase-ios-sdk" */;
			productName = FirebaseAnalyticsWithoutAdIdSupport;
		};
		6D5C0ADE2857446F006B8A3C /* Rswift */ = {
			isa = XCSwiftPackageProductDependency;
			package = 6D5C0ADD2857446F006B8A3C /* XCRemoteSwiftPackageReference "R.swift" */;
			productName = Rswift;
		};
		6D6FCC94285F8AA900E8387D /* SwiftyJSON */ = {
			isa = XCSwiftPackageProductDependency;
			package = 6D2C22F028571A2800506A7C /* XCRemoteSwiftPackageReference "SwiftyJSON" */;
			productName = SwiftyJSON;
		};
		6D6FCC96285F8AA900E8387D /* Rswift */ = {
			isa = XCSwiftPackageProductDependency;
			package = 6D5C0ADD2857446F006B8A3C /* XCRemoteSwiftPackageReference "R.swift" */;
			productName = Rswift;
		};
		6D6FCCB82861A68100E8387D /* SwiftSoup */ = {
			isa = XCSwiftPackageProductDependency;
			package = 6D6FCCB72861A68100E8387D /* XCRemoteSwiftPackageReference "SwiftSoup" */;
			productName = SwiftSoup;
		};
		6D6FCCBD2861B0B500E8387D /* SwiftSoup */ = {
			isa = XCSwiftPackageProductDependency;
			package = 6D6FCCB72861A68100E8387D /* XCRemoteSwiftPackageReference "SwiftSoup" */;
			productName = SwiftSoup;
		};
/* End XCSwiftPackageProductDependency section */
	};
	rootObject = 6D2C22BB285719F400506A7C /* Project object */;
}
